
Microsoft Visual Studio Solution File, Format Version 11.00
# Visual Studio 2010
Project("{FAE04EC0-301F-11D3-BF4B-00C04F79EFBC}") = "Assembly-CSharp", "Assembly-CSharp.csproj", "{6701ae8b-8fb7-dadd-244c-9bcd7518d9b8}"
EndProject
Project("{FAE04EC0-301F-11D3-BF4B-00C04F79EFBC}") = "Assembly-CSharp-firstpass", "Assembly-CSharp-firstpass.csproj", "{04dd47fb-0340-a2b3-518b-5db3b4ad1271}"
EndProject
Project("{FAE04EC0-301F-11D3-BF4B-00C04F79EFBC}") = "Assembly-CSharp-Editor-firstpass", "Assembly-CSharp-Editor-firstpass.csproj", "{fab099f7-5ea1-4347-fecc-216dcb5a2fb5}"
EndProject
Global
	GlobalSection(SolutionConfigurationPlatforms) = preSolution
		Debug|Any CPU = Debug|Any CPU
	EndGlobalSection
	GlobalSection(ProjectConfigurationPlatforms) = postSolution
		{6701ae8b-8fb7-dadd-244c-9bcd7518d9b8}.Debug|Any CPU.ActiveCfg = Debug|Any CPU
		{6701ae8b-8fb7-dadd-244c-9bcd7518d9b8}.Debug|Any CPU.Build.0 = Debug|Any CPU
		{04dd47fb-0340-a2b3-518b-5db3b4ad1271}.Debug|Any CPU.ActiveCfg = Debug|Any CPU
		{04dd47fb-0340-a2b3-518b-5db3b4ad1271}.Debug|Any CPU.Build.0 = Debug|Any CPU
		{fab099f7-5ea1-4347-fecc-216dcb5a2fb5}.Debug|Any CPU.ActiveCfg = Debug|Any CPU
		{fab099f7-5ea1-4347-fecc-216dcb5a2fb5}.Debug|Any CPU.Build.0 = Debug|Any CPU
	EndGlobalSection
	GlobalSection(SolutionProperties) = preSolution
		HideSolutionNode = FALSE
	EndGlobalSection
EndGlobal
